
Microsoft Visual Studio Solution File, Format Version 12.00
# Visual Studio Version 17
VisualStudioVersion = 17.14.36429.23
MinimumVisualStudioVersion = 10.0.40219.1
Project("{2150E333-8FDC-42A3-9474-1A3956D46DE8}") = "src", "src", "{02EA681E-C7D8-13C7-8484-4AC65E1B71E8}"
EndProject
Project("{2150E333-8FDC-42A3-9474-1A3956D46DE8}") = "tests", "tests", "{6F2E8282-AE51-408C-9F8B-EF8D83B99B1E}"
EndProject
Project("{FAE04EC0-301F-11D3-BF4B-00C04F79EFBC}") = "Tuuuur.Core", "src\Tuuuur.Core\Tuuuur.Core.csproj", "{7360E3B2-58DB-4B7C-9813-D9AE41EF44BE}"
EndProject
Project("{FAE04EC0-301F-11D3-BF4B-00C04F79EFBC}") = "Tuuuur.Domain", "src\Tuuuur.Domain\Tuuuur.Domain.csproj", "{9B4C1477-4D26-4213-911A-7C798104C51D}"
EndProject
Project("{FAE04EC0-301F-11D3-BF4B-00C04F79EFBC}") = "Tuuuur.Infrastructure", "src\Tuuuur.Infrastructure\Tuuuur.Infrastructure.csproj", "{375195BF-DAF6-4A61-AE5B-1311130E932D}"
EndProject
Project("{2150E333-8FDC-42A3-9474-1A3956D46DE8}") = "solution items", "solution items", "{942E7C83-F3A0-4A10-823D-851C10B99AAA}"
	ProjectSection(SolutionItems) = preProject
		.editorconfig = .editorconfig
		.gitattributes = .gitattributes
		.gitignore = .gitignore
		global.json = global.json
		README.md = README.md
		test.runsettings = test.runsettings
	EndProjectSection
EndProject
Project("{FAE04EC0-301F-11D3-BF4B-00C04F79EFBC}") = "Tuuuur.API", "src\Tuuuur.API\Tuuuur.API.csproj", "{1B475685-C76E-459F-BE83-A1593F95675B}"
EndProject
Project("{00D1A9C2-B5F0-4AF3-8072-F6C62B433612}") = "Tuuuur.Database", "src\Tuuuur.Database\Tuuuur.Database.sqlproj", "{8CB088E4-C7B3-4D5D-9A92-77732E53B494}"
EndProject
Global
	GlobalSection(SolutionConfigurationPlatforms) = preSolution
		Debug|Any CPU = Debug|Any CPU
		Release|Any CPU = Release|Any CPU
	EndGlobalSection
	GlobalSection(ProjectConfigurationPlatforms) = postSolution
		{7360E3B2-58DB-4B7C-9813-D9AE41EF44BE}.Debug|Any CPU.ActiveCfg = Debug|Any CPU
		{7360E3B2-58DB-4B7C-9813-D9AE41EF44BE}.Debug|Any CPU.Build.0 = Debug|Any CPU
		{7360E3B2-58DB-4B7C-9813-D9AE41EF44BE}.Release|Any CPU.ActiveCfg = Release|Any CPU
		{7360E3B2-58DB-4B7C-9813-D9AE41EF44BE}.Release|Any CPU.Build.0 = Release|Any CPU
		{9B4C1477-4D26-4213-911A-7C798104C51D}.Debug|Any CPU.ActiveCfg = Debug|Any CPU
		{9B4C1477-4D26-4213-911A-7C798104C51D}.Debug|Any CPU.Build.0 = Debug|Any CPU
		{9B4C1477-4D26-4213-911A-7C798104C51D}.Release|Any CPU.ActiveCfg = Release|Any CPU
		{9B4C1477-4D26-4213-911A-7C798104C51D}.Release|Any CPU.Build.0 = Release|Any CPU
		{375195BF-DAF6-4A61-AE5B-1311130E932D}.Debug|Any CPU.ActiveCfg = Debug|Any CPU
		{375195BF-DAF6-4A61-AE5B-1311130E932D}.Debug|Any CPU.Build.0 = Debug|Any CPU
		{375195BF-DAF6-4A61-AE5B-1311130E932D}.Release|Any CPU.ActiveCfg = Release|Any CPU
		{375195BF-DAF6-4A61-AE5B-1311130E932D}.Release|Any CPU.Build.0 = Release|Any CPU
		{1B475685-C76E-459F-BE83-A1593F95675B}.Debug|Any CPU.ActiveCfg = Debug|Any CPU
		{1B475685-C76E-459F-BE83-A1593F95675B}.Debug|Any CPU.Build.0 = Debug|Any CPU
		{1B475685-C76E-459F-BE83-A1593F95675B}.Release|Any CPU.ActiveCfg = Release|Any CPU
		{1B475685-C76E-459F-BE83-A1593F95675B}.Release|Any CPU.Build.0 = Release|Any CPU
		{8CB088E4-C7B3-4D5D-9A92-77732E53B494}.Debug|Any CPU.ActiveCfg = Debug|Any CPU
		{8CB088E4-C7B3-4D5D-9A92-77732E53B494}.Debug|Any CPU.Build.0 = Debug|Any CPU
		{8CB088E4-C7B3-4D5D-9A92-77732E53B494}.Debug|Any CPU.Deploy.0 = Debug|Any CPU
		{8CB088E4-C7B3-4D5D-9A92-77732E53B494}.Release|Any CPU.ActiveCfg = Release|Any CPU
		{8CB088E4-C7B3-4D5D-9A92-77732E53B494}.Release|Any CPU.Build.0 = Release|Any CPU
		{8CB088E4-C7B3-4D5D-9A92-77732E53B494}.Release|Any CPU.Deploy.0 = Release|Any CPU
	EndGlobalSection
	GlobalSection(SolutionProperties) = preSolution
		HideSolutionNode = FALSE
	EndGlobalSection
	GlobalSection(NestedProjects) = preSolution
		{7360E3B2-58DB-4B7C-9813-D9AE41EF44BE} = {02EA681E-C7D8-13C7-8484-4AC65E1B71E8}
		{9B4C1477-4D26-4213-911A-7C798104C51D} = {02EA681E-C7D8-13C7-8484-4AC65E1B71E8}
		{375195BF-DAF6-4A61-AE5B-1311130E932D} = {02EA681E-C7D8-13C7-8484-4AC65E1B71E8}
		{1B475685-C76E-459F-BE83-A1593F95675B} = {02EA681E-C7D8-13C7-8484-4AC65E1B71E8}
		{8CB088E4-C7B3-4D5D-9A92-77732E53B494} = {02EA681E-C7D8-13C7-8484-4AC65E1B71E8}
	EndGlobalSection
	GlobalSection(ExtensibilityGlobals) = postSolution
		SolutionGuid = {631B9EAF-E834-4017-85F9-DBED8EF7FB69}
	EndGlobalSection
EndGlobal
